
Microsoft Visual Studio Solution File, Format Version 12.00
# Visual Studio Version 16
VisualStudioVersion = 16.0.31205.134
MinimumVisualStudioVersion = 10.0.40219.1
Project("{FAE04EC0-301F-11D3-BF4B-00C04F79EFBC}") = "Web", "Web\Web.csproj", "{FCFFBAAB-2A63-431C-A6F4-A0DFFC8E3AD5}"
EndProject
Global
	GlobalSection(SolutionConfigurationPlatforms) = preSolution
		Debug|Any CPU = Debug|Any CPU
		Release|Any CPU = Release|Any CPU
	EndGlobalSection
	GlobalSection(ProjectConfigurationPlatforms) = postSolution
		{FCFFBAAB-2A63-431C-A6F4-A0DFFC8E3AD5}.Debug|Any CPU.ActiveCfg = Debug|Any CPU
		{FCFFBAAB-2A63-431C-A6F4-A0DFFC8E3AD5}.Debug|Any CPU.Build.0 = Debug|Any CPU
		{FCFFBAAB-2A63-431C-A6F4-A0DFFC8E3AD5}.Release|Any CPU.ActiveCfg = Release|Any CPU
		{FCFFBAAB-2A63-431C-A6F4-A0DFFC8E3AD5}.Release|Any CPU.Build.0 = Release|Any CPU
	EndGlobalSection
	GlobalSection(SolutionProperties) = preSolution
		HideSolutionNode = FALSE
	EndGlobalSection
	GlobalSection(ExtensibilityGlobals) = postSolution
		SolutionGuid = {BAC3287B-A55E-4627-A050-3FD47BF287BF}
	EndGlobalSection
EndGlobal
